
Microsoft Visual Studio Solution File, Format Version 12.00
# Visual Studio Version 17
VisualStudioVersion = 17.14.36623.8 d17.14
MinimumVisualStudioVersion = 10.0.40219.1
Project("{FAE04EC0-301F-11D3-BF4B-00C04F79EFBC}") = "bmi", "bmi\bmi.csproj", "{0FDB732F-BC12-4649-B433-6B06FE70257E}"
EndProject
Global
	GlobalSection(SolutionConfigurationPlatforms) = preSolution
		Debug|Any CPU = Debug|Any CPU
		Release|Any CPU = Release|Any CPU
	EndGlobalSection
	GlobalSection(ProjectConfigurationPlatforms) = postSolution
		{0FDB732F-BC12-4649-B433-6B06FE70257E}.Debug|Any CPU.ActiveCfg = Debug|Any CPU
		{0FDB732F-BC12-4649-B433-6B06FE70257E}.Debug|Any CPU.Build.0 = Debug|Any CPU
		{0FDB732F-BC12-4649-B433-6B06FE70257E}.Release|Any CPU.ActiveCfg = Release|Any CPU
		{0FDB732F-BC12-4649-B433-6B06FE70257E}.Release|Any CPU.Build.0 = Release|Any CPU
	EndGlobalSection
	GlobalSection(SolutionProperties) = preSolution
		HideSolutionNode = FALSE
	EndGlobalSection
	GlobalSection(ExtensibilityGlobals) = postSolution
		SolutionGuid = {2F0C93D7-E968-45A3-8C97-F577B1282CD2}
	EndGlobalSection
EndGlobal
